
Microsoft Visual Studio Solution File, Format Version 12.00
# Visual Studio Version 16
VisualStudioVersion = 16.0.31112.23
MinimumVisualStudioVersion = 10.0.40219.1
Project("{FAE04EC0-301F-11D3-BF4B-00C04F79EFBC}") = "lab_4-5", "lab_4-5\lab_4-5.csproj", "{E31F2645-DD56-4422-A73E-A04DB1F865EC}"
EndProject
Global
	GlobalSection(SolutionConfigurationPlatforms) = preSolution
		Debug|Any CPU = Debug|Any CPU
		Release|Any CPU = Release|Any CPU
	EndGlobalSection
	GlobalSection(ProjectConfigurationPlatforms) = postSolution
		{E31F2645-DD56-4422-A73E-A04DB1F865EC}.Debug|Any CPU.ActiveCfg = Debug|Any CPU
		{E31F2645-DD56-4422-A73E-A04DB1F865EC}.Debug|Any CPU.Build.0 = Debug|Any CPU
		{E31F2645-DD56-4422-A73E-A04DB1F865EC}.Release|Any CPU.ActiveCfg = Release|Any CPU
		{E31F2645-DD56-4422-A73E-A04DB1F865EC}.Release|Any CPU.Build.0 = Release|Any CPU
	EndGlobalSection
	GlobalSection(SolutionProperties) = preSolution
		HideSolutionNode = FALSE
	EndGlobalSection
	GlobalSection(ExtensibilityGlobals) = postSolution
		SolutionGuid = {DAF52710-7171-46AF-B3D6-E35101958666}
	EndGlobalSection
EndGlobal
