
Microsoft Visual Studio Solution File, Format Version 12.00
# Visual Studio Version 16
VisualStudioVersion = 16.0.31321.278
MinimumVisualStudioVersion = 10.0.40219.1
Project("{FAE04EC0-301F-11D3-BF4B-00C04F79EFBC}") = "Architecture_4-1_Singleton", "Architecture_4-1_Singleton\Architecture_4-1_Singleton.csproj", "{EB27237E-3023-44E4-9D7A-59C5E29DE9AA}"
EndProject
Global
	GlobalSection(SolutionConfigurationPlatforms) = preSolution
		Debug|Any CPU = Debug|Any CPU
		Release|Any CPU = Release|Any CPU
	EndGlobalSection
	GlobalSection(ProjectConfigurationPlatforms) = postSolution
		{EB27237E-3023-44E4-9D7A-59C5E29DE9AA}.Debug|Any CPU.ActiveCfg = Debug|Any CPU
		{EB27237E-3023-44E4-9D7A-59C5E29DE9AA}.Debug|Any CPU.Build.0 = Debug|Any CPU
		{EB27237E-3023-44E4-9D7A-59C5E29DE9AA}.Release|Any CPU.ActiveCfg = Release|Any CPU
		{EB27237E-3023-44E4-9D7A-59C5E29DE9AA}.Release|Any CPU.Build.0 = Release|Any CPU
	EndGlobalSection
	GlobalSection(SolutionProperties) = preSolution
		HideSolutionNode = FALSE
	EndGlobalSection
	GlobalSection(ExtensibilityGlobals) = postSolution
		SolutionGuid = {088F06FA-077E-4ACA-99F0-A45AB7C932AC}
	EndGlobalSection
EndGlobal
