
Microsoft Visual Studio Solution File, Format Version 12.00
# Visual Studio Version 16
VisualStudioVersion = 16.0.30717.126
MinimumVisualStudioVersion = 10.0.40219.1
Project("{FAE04EC0-301F-11D3-BF4B-00C04F79EFBC}") = "lab_1", "lab_1\lab_1.csproj", "{F48BA08B-6266-4D72-8C16-744E72704EF3}"
EndProject
Global
	GlobalSection(SolutionConfigurationPlatforms) = preSolution
		Debug|Any CPU = Debug|Any CPU
		Release|Any CPU = Release|Any CPU
	EndGlobalSection
	GlobalSection(ProjectConfigurationPlatforms) = postSolution
		{F48BA08B-6266-4D72-8C16-744E72704EF3}.Debug|Any CPU.ActiveCfg = Debug|Any CPU
		{F48BA08B-6266-4D72-8C16-744E72704EF3}.Debug|Any CPU.Build.0 = Debug|Any CPU
		{F48BA08B-6266-4D72-8C16-744E72704EF3}.Release|Any CPU.ActiveCfg = Release|Any CPU
		{F48BA08B-6266-4D72-8C16-744E72704EF3}.Release|Any CPU.Build.0 = Release|Any CPU
	EndGlobalSection
	GlobalSection(SolutionProperties) = preSolution
		HideSolutionNode = FALSE
	EndGlobalSection
	GlobalSection(ExtensibilityGlobals) = postSolution
		SolutionGuid = {EEEABD62-07BE-4E80-8A83-C997E2A8ED2B}
	EndGlobalSection
EndGlobal
